
Microsoft Visual Studio Solution File, Format Version 12.00
Project("{FAE04EC0-301F-11D3-BF4B-00C04F79EFBC}") = "cg-rwu", "cg-rwu\cg-rwu.csproj", "{AE5DFDA3-62A8-4C9F-9812-55E63CB1C299}"
EndProject
Project("{FAE04EC0-301F-11D3-BF4B-00C04F79EFBC}") = "engine", "engine\engine.csproj", "{74FA4E96-2A5B-4B75-B602-0C61F59FC9B9}"
EndProject
Global
	GlobalSection(SolutionConfigurationPlatforms) = preSolution
		Debug|Any CPU = Debug|Any CPU
		Release|Any CPU = Release|Any CPU
	EndGlobalSection
	GlobalSection(ProjectConfigurationPlatforms) = postSolution
		{AE5DFDA3-62A8-4C9F-9812-55E63CB1C299}.Debug|Any CPU.ActiveCfg = Debug|Any CPU
		{AE5DFDA3-62A8-4C9F-9812-55E63CB1C299}.Debug|Any CPU.Build.0 = Debug|Any CPU
		{AE5DFDA3-62A8-4C9F-9812-55E63CB1C299}.Release|Any CPU.ActiveCfg = Release|Any CPU
		{AE5DFDA3-62A8-4C9F-9812-55E63CB1C299}.Release|Any CPU.Build.0 = Release|Any CPU
		{74FA4E96-2A5B-4B75-B602-0C61F59FC9B9}.Debug|Any CPU.ActiveCfg = Debug|Any CPU
		{74FA4E96-2A5B-4B75-B602-0C61F59FC9B9}.Debug|Any CPU.Build.0 = Debug|Any CPU
		{74FA4E96-2A5B-4B75-B602-0C61F59FC9B9}.Release|Any CPU.ActiveCfg = Release|Any CPU
		{74FA4E96-2A5B-4B75-B602-0C61F59FC9B9}.Release|Any CPU.Build.0 = Release|Any CPU
	EndGlobalSection
EndGlobal
